
Microsoft Visual Studio Solution File, Format Version 12.00
# Visual Studio Version 17
VisualStudioVersion = 17.6.33815.320
MinimumVisualStudioVersion = 10.0.40219.1
Project("{FAE04EC0-301F-11D3-BF4B-00C04F79EFBC}") = "OurFirstTestingApp", "OurFirstTestingApp.csproj", "{2CC63380-E427-4BDA-824A-3F56A151AC3A}"
EndProject
Project("{FAE04EC0-301F-11D3-BF4B-00C04F79EFBC}") = "NUnitLib", "..\NUnitLib\NUnitLib.csproj", "{E2C3DD56-7079-427A-82A2-5693BD6E1370}"
EndProject
Global
	GlobalSection(SolutionConfigurationPlatforms) = preSolution
		Debug|Any CPU = Debug|Any CPU
		Release|Any CPU = Release|Any CPU
	EndGlobalSection
	GlobalSection(ProjectConfigurationPlatforms) = postSolution
		{2CC63380-E427-4BDA-824A-3F56A151AC3A}.Debug|Any CPU.ActiveCfg = Debug|Any CPU
		{2CC63380-E427-4BDA-824A-3F56A151AC3A}.Debug|Any CPU.Build.0 = Debug|Any CPU
		{2CC63380-E427-4BDA-824A-3F56A151AC3A}.Release|Any CPU.ActiveCfg = Release|Any CPU
		{2CC63380-E427-4BDA-824A-3F56A151AC3A}.Release|Any CPU.Build.0 = Release|Any CPU
		{E2C3DD56-7079-427A-82A2-5693BD6E1370}.Debug|Any CPU.ActiveCfg = Debug|Any CPU
		{E2C3DD56-7079-427A-82A2-5693BD6E1370}.Debug|Any CPU.Build.0 = Debug|Any CPU
		{E2C3DD56-7079-427A-82A2-5693BD6E1370}.Release|Any CPU.ActiveCfg = Release|Any CPU
		{E2C3DD56-7079-427A-82A2-5693BD6E1370}.Release|Any CPU.Build.0 = Release|Any CPU
	EndGlobalSection
	GlobalSection(SolutionProperties) = preSolution
		HideSolutionNode = FALSE
	EndGlobalSection
	GlobalSection(ExtensibilityGlobals) = postSolution
		SolutionGuid = {CFB7EAB9-2713-40B5-82E5-B1A287029BE0}
	EndGlobalSection
EndGlobal
