
Microsoft Visual Studio Solution File, Format Version 12.00
# Visual Studio Version 17
VisualStudioVersion = 17.6.33815.320
MinimumVisualStudioVersion = 10.0.40219.1
Project("{FAE04EC0-301F-11D3-BF4B-00C04F79EFBC}") = "ConsoleAppExercise1", "ConsoleAppExercise1.csproj", "{5FF7F784-6153-497C-8338-ADAF6D3F8AE5}"
EndProject
Global
	GlobalSection(SolutionConfigurationPlatforms) = preSolution
		Debug|Any CPU = Debug|Any CPU
		Release|Any CPU = Release|Any CPU
	EndGlobalSection
	GlobalSection(ProjectConfigurationPlatforms) = postSolution
		{5FF7F784-6153-497C-8338-ADAF6D3F8AE5}.Debug|Any CPU.ActiveCfg = Debug|Any CPU
		{5FF7F784-6153-497C-8338-ADAF6D3F8AE5}.Debug|Any CPU.Build.0 = Debug|Any CPU
		{5FF7F784-6153-497C-8338-ADAF6D3F8AE5}.Release|Any CPU.ActiveCfg = Release|Any CPU
		{5FF7F784-6153-497C-8338-ADAF6D3F8AE5}.Release|Any CPU.Build.0 = Release|Any CPU
	EndGlobalSection
	GlobalSection(SolutionProperties) = preSolution
		HideSolutionNode = FALSE
	EndGlobalSection
	GlobalSection(ExtensibilityGlobals) = postSolution
		SolutionGuid = {14F3095B-FC9C-4779-9812-5C2A00E8DF83}
	EndGlobalSection
EndGlobal
