
Microsoft Visual Studio Solution File, Format Version 12.00
# Visual Studio Version 17
VisualStudioVersion = 17.6.33815.320
MinimumVisualStudioVersion = 10.0.40219.1
Project("{FAE04EC0-301F-11D3-BF4B-00C04F79EFBC}") = "WebApplication1", "WebApplication1.csproj", "{19F40892-DC91-4987-B8F7-7F7317567A1F}"
EndProject
Global
	GlobalSection(SolutionConfigurationPlatforms) = preSolution
		Debug|Any CPU = Debug|Any CPU
		Release|Any CPU = Release|Any CPU
	EndGlobalSection
	GlobalSection(ProjectConfigurationPlatforms) = postSolution
		{19F40892-DC91-4987-B8F7-7F7317567A1F}.Debug|Any CPU.ActiveCfg = Debug|Any CPU
		{19F40892-DC91-4987-B8F7-7F7317567A1F}.Debug|Any CPU.Build.0 = Debug|Any CPU
		{19F40892-DC91-4987-B8F7-7F7317567A1F}.Release|Any CPU.ActiveCfg = Release|Any CPU
		{19F40892-DC91-4987-B8F7-7F7317567A1F}.Release|Any CPU.Build.0 = Release|Any CPU
	EndGlobalSection
	GlobalSection(SolutionProperties) = preSolution
		HideSolutionNode = FALSE
	EndGlobalSection
	GlobalSection(ExtensibilityGlobals) = postSolution
		SolutionGuid = {FE49D2E2-2937-46B3-BF85-31E4B9A13EA7}
	EndGlobalSection
EndGlobal
